# THIS IS AN AUTOGENERATED FILE. DO NOT EDIT THIS FILE DIRECTLY.
# yarn lockfile v1


"@swan-io/boxed@^3.1.2":
  version "3.1.2"
  resolved "https://registry.yarnpkg.com/@swan-io/boxed/-/boxed-3.1.2.tgz#268f6b6f45268d6bc8eb14d154860d7e4e0f305b"
  integrity sha512-F/GZMYeC29cOHHSjURp/kL3iT+kouDfbt/fV1Y53zpC2M9rmlH/zkjX7z//wc8VRwXE5QksxMahhPlwm9QTGOA==

"@types/node@^22.10.1":
  version "22.10.1"
  resolved "https://registry.yarnpkg.com/@types/node/-/node-22.10.1.tgz#41ffeee127b8975a05f8c4f83fb89bcb2987d766"
  integrity sha512-qKgsUwfHZV2WCWLAnVP1JqnpE6Im6h3Y0+fYgMTasNQ7V++CBX5OT1as0g0f+OyubbFqhf6XVNIsmN4IIhEgGQ==
  dependencies:
    undici-types "~6.20.0"

prettier-plugin-organize-imports@^4.1.0:
  version "4.1.0"
  resolved "https://registry.yarnpkg.com/prettier-plugin-organize-imports/-/prettier-plugin-organize-imports-4.1.0.tgz#f3d3764046a8e7ba6491431158b9be6ffd83b90f"
  integrity sha512-5aWRdCgv645xaa58X8lOxzZoiHAldAPChljr/MT0crXVOWTZ+Svl4hIWlz+niYSlO6ikE5UXkN1JrRvIP2ut0A==

prettier@^3.4.1:
  version "3.4.1"
  resolved "https://registry.yarnpkg.com/prettier/-/prettier-3.4.1.tgz#e211d451d6452db0a291672ca9154bc8c2579f7b"
  integrity sha512-G+YdqtITVZmOJje6QkXQWzl3fSfMxFwm1tjTyo9exhkmWSqC4Yhd1+lug++IlR2mvRVAxEDDWYkQdeSztajqgg==

ts-pattern@^5.5.0:
  version "5.5.0"
  resolved "https://registry.yarnpkg.com/ts-pattern/-/ts-pattern-5.5.0.tgz#1f137eb2bd2bc30a030b5583dee022d00fac3415"
  integrity sha512-jqbIpTsa/KKTJYWgPNsFNbLVpwCgzXfFJ1ukNn4I8hMwyQzHMJnk/BqWzggB0xpkILuKzaO/aMYhS0SkaJyKXg==

typescript@^5.7.2:
  version "5.7.2"
  resolved "https://registry.yarnpkg.com/typescript/-/typescript-5.7.2.tgz#3169cf8c4c8a828cde53ba9ecb3d2b1d5dd67be6"
  integrity sha512-i5t66RHxDvVN40HfDd1PsEThGNnlMCMT3jMUuoh9/0TaqWevNontacunWyN02LA9/fIbEWlcHZcgTKb9QoaLfg==

undici-types@~6.20.0:
  version "6.20.0"
  resolved "https://registry.yarnpkg.com/undici-types/-/undici-types-6.20.0.tgz#8171bf22c1f588d1554d55bf204bc624af388433"
  integrity sha512-Ny6QZ2Nju20vw1SRHe3d9jVu6gJ+4e3+MMpqu7pqE5HT6WsTSlce++GQmK5UXS8mzV8DSYHrQH+Xrf2jVcuKNg==
